
Microsoft Visual Studio Solution File, Format Version 12.00
# Visual Studio Version 16
VisualStudioVersion = 16.0.35731.53
MinimumVisualStudioVersion = 10.0.40219.1
Project("{9A19103F-16F7-4668-BE54-9A1E7A4F7556}") = "SalesWebMvc", "SalesWebMvc\SalesWebMvc.csproj", "{7B9A11D8-A324-4A74-9318-EEFA1BE7FF40}"
EndProject
Global
	GlobalSection(SolutionConfigurationPlatforms) = preSolution
		Debug|Any CPU = Debug|Any CPU
		Release|Any CPU = Release|Any CPU
	EndGlobalSection
	GlobalSection(ProjectConfigurationPlatforms) = postSolution
		{7B9A11D8-A324-4A74-9318-EEFA1BE7FF40}.Debug|Any CPU.ActiveCfg = Debug|Any CPU
		{7B9A11D8-A324-4A74-9318-EEFA1BE7FF40}.Debug|Any CPU.Build.0 = Debug|Any CPU
		{7B9A11D8-A324-4A74-9318-EEFA1BE7FF40}.Release|Any CPU.ActiveCfg = Release|Any CPU
		{7B9A11D8-A324-4A74-9318-EEFA1BE7FF40}.Release|Any CPU.Build.0 = Release|Any CPU
	EndGlobalSection
	GlobalSection(SolutionProperties) = preSolution
		HideSolutionNode = FALSE
	EndGlobalSection
	GlobalSection(ExtensibilityGlobals) = postSolution
		SolutionGuid = {19DE2716-5476-40EC-B381-F186DB3A4809}
	EndGlobalSection
EndGlobal
